<Solution>
  <Configurations>
    <Platform Name="Win32" />
    <Platform Name="x64" />
  </Configurations>
  <Folder Name="/_deps/">
    <Project Path="src/Client/JpegFile/JpegFile.vcxproj" Id="e3ce5b4f-97bc-46b1-b36d-25ab39d4a3f9">
      <BuildDependency Project="deps/fetch-and-build-wrappers/fetch-libjpeg-turbo.vcxproj" />
    </Project>
    <Project Path="src/N3Base/N3Base_client.vcxproj" Id="d06d505a-f28e-343f-09f4-c3809398b508">
      <BuildDependency Project="deps/fetch-and-build-wrappers/fetch-dx9sdk.vcxproj" />
      <BuildDependency Project="deps/fetch-and-build-wrappers/fetch-mpg123.vcxproj" />
      <BuildDependency Project="deps/fetch-and-build-wrappers/fetch-openal-soft.vcxproj" />
      <BuildDependency Project="src/FileIO/FileIO.vcxproj" />
      <BuildDependency Project="src/MathUtils/MathUtils.vcxproj" />
      <BuildDependency Project="src/shared/shared.vcxproj" />
    </Project>
    <Project Path="src/FileIO/FileIO.vcxproj" Id="10195386-62c0-4bda-a8e3-b88f1c9f81af">
      <BuildDependency Project="deps/fetch-and-build-wrappers/fetch-boost.vcxproj" />
    </Project>
    <Project Path="src/MathUtils/MathUtils.vcxproj" Id="07cd39fe-8cb1-46a2-81ab-485f2cae215f" />
    <Project Path="src/shared/shared.vcxproj" Id="c2feb024-8e46-4533-918b-7196caaa4e7d">
      <BuildDependency Project="deps/fetch-and-build-wrappers/fetch-spdlog.vcxproj" />
    </Project>
  </Folder>
  <Folder Name="/_deps/fetch wrappers/">
    <Project Path="deps/fetch-and-build-wrappers/fetch-boost.vcxproj" Id="1b69c1f8-b156-4bca-aad3-168fb37b08cf">
      <BuildDependency Project="deps/fetch-and-build-wrappers/sync-submodules.vcxproj" />
    </Project>
    <Project Path="deps/fetch-and-build-wrappers/fetch-dx9sdk.vcxproj" Id="50d2b40a-5ae4-f5fb-4d79-ac6cc3c75274">
      <BuildDependency Project="deps/fetch-and-build-wrappers/sync-submodules.vcxproj" />
    </Project>
    <Project Path="deps/fetch-and-build-wrappers/fetch-ko-client-assets.vcxproj" Id="0047bee8-1361-6bcb-3edf-26dcb127e1b5">
      <BuildDependency Project="deps/fetch-and-build-wrappers/sync-submodules.vcxproj" />
    </Project>
    <Project Path="deps/fetch-and-build-wrappers/fetch-libjpeg-turbo.vcxproj" Id="56988836-40f9-f81d-c8b4-4dc1ce5901e2">
      <BuildDependency Project="deps/fetch-and-build-wrappers/sync-submodules.vcxproj" />
    </Project>
    <Project Path="deps/fetch-and-build-wrappers/fetch-mpg123.vcxproj" Id="b24123a5-2fe3-4ad6-9b8d-c3090e87408d">
      <BuildDependency Project="deps/fetch-and-build-wrappers/sync-submodules.vcxproj" />
    </Project>
    <Project Path="deps/fetch-and-build-wrappers/fetch-openal-soft.vcxproj" Id="fe6338e2-792a-4c48-a2b9-95411e36d336">
      <BuildDependency Project="deps/fetch-and-build-wrappers/sync-submodules.vcxproj" />
    </Project>
    <Project Path="deps/fetch-and-build-wrappers/fetch-spdlog.vcxproj" Id="10898c84-af45-f0b0-5144-ea801df15503">
      <BuildDependency Project="deps/fetch-and-build-wrappers/sync-submodules.vcxproj" />
    </Project>
    <Project Path="deps/fetch-and-build-wrappers/sync-submodules.vcxproj" Id="1f14357d-e06a-48a1-b39a-74082f381fc0" />
  </Folder>
  <Project Path="src/Client/WarFare/WarFare.Core.vcxproj" Id="02a7c2de-6db6-477a-977a-adf0bf2204a6">
    <BuildDependency Project="src/Client/JpegFile/JpegFile.vcxproj" />
    <BuildDependency Project="src/N3Base/N3Base_client.vcxproj" />
    <BuildDependency Project="deps/fetch-and-build-wrappers/fetch-ko-client-assets.vcxproj" />
    <BuildDependency Project="src/shared/shared.vcxproj" />
  </Project>
  <Project DefaultStartup="true" Path="src/Client/WarFare/WarFare.vcxproj" Id="ed8afb92-15ce-4537-a81c-d4120d31977c">
    <BuildDependency Project="src/Client/WarFare/WarFare.Core.vcxproj" />
  </Project>
</Solution>
