<Solution>
  <Configurations>
    <Platform Name="Win32" />
    <Platform Name="x64" />
  </Configurations>
  <Folder Name="/fetch wrappers/">
    <Project Path="deps/fetch-and-build-wrappers/fetch-argparse.vcxproj" Id="61a124fb-035e-4560-8499-198c6299b7da">
      <BuildDependency Project="deps/fetch-and-build-wrappers/sync-submodules.vcxproj" />
    </Project>
    <Project Path="deps/fetch-and-build-wrappers/fetch-asio.vcxproj" Id="98f92112-9ec7-4f20-a6c3-a0346acb271c">
      <BuildDependency Project="deps/fetch-and-build-wrappers/sync-submodules.vcxproj" />
    </Project>
    <Project Path="deps/fetch-and-build-wrappers/fetch-boost.vcxproj" Id="1b69c1f8-b156-4bca-aad3-168fb37b08cf">
      <BuildDependency Project="deps/fetch-and-build-wrappers/sync-submodules.vcxproj" />
    </Project>
    <Project Path="deps/fetch-and-build-wrappers/fetch-db-models.vcxproj" Id="057c1abc-6137-37a9-9935-8cf811d7ceda">
      <BuildDependency Project="deps/fetch-and-build-wrappers/fetch-nanodbc.vcxproj" />
      <BuildDependency Project="deps/fetch-and-build-wrappers/sync-submodules.vcxproj" />
    </Project>
    <Project Path="deps/fetch-and-build-wrappers/fetch-djb2.vcxproj" Id="9e410f3d-ef94-41fa-a373-b2136d5f3d1e">
      <BuildDependency Project="deps/fetch-and-build-wrappers/sync-submodules.vcxproj" />
    </Project>
    <Project Path="deps/fetch-and-build-wrappers/fetch-googletest.vcxproj" Id="d4f3d338-a7ef-430c-ad99-2fc6a591a711">
      <BuildDependency Project="deps/fetch-and-build-wrappers/sync-submodules.vcxproj" />
    </Project>
    <Project Path="deps/fetch-and-build-wrappers/fetch-libjpeg-turbo.vcxproj" Id="56988836-40f9-f81d-c8b4-4dc1ce5901e2">
      <BuildDependency Project="deps/fetch-and-build-wrappers/sync-submodules.vcxproj" />
    </Project>
    <Project Path="deps/fetch-and-build-wrappers/fetch-mpg123.vcxproj" Id="b24123a5-2fe3-4ad6-9b8d-c3090e87408d">
      <BuildDependency Project="deps/fetch-and-build-wrappers/sync-submodules.vcxproj" />
    </Project>
    <Project Path="deps/fetch-and-build-wrappers/fetch-nanodbc.vcxproj" Id="3f38fd98-5c7e-97c7-70a9-fda7e34a0cfc">
      <BuildDependency Project="deps/fetch-and-build-wrappers/sync-submodules.vcxproj" />
    </Project>
    <Project Path="deps/fetch-and-build-wrappers/fetch-openal-soft.vcxproj" Id="fe6338e2-792a-4c48-a2b9-95411e36d336">
      <BuildDependency Project="deps/fetch-and-build-wrappers/sync-submodules.vcxproj" />
    </Project>
    <Project Path="deps/fetch-and-build-wrappers/fetch-spdlog.vcxproj" Id="10898c84-af45-f0b0-5144-ea801df15503">
      <BuildDependency Project="deps/fetch-and-build-wrappers/sync-submodules.vcxproj" />
    </Project>
    <Project Path="deps/fetch-and-build-wrappers/fetch-zlib.vcxproj" Id="99b647bc-d49e-4322-c338-dc20acc4239b">
      <BuildDependency Project="deps/fetch-and-build-wrappers/sync-submodules.vcxproj" />
    </Project>
    <Project Path="deps/fetch-and-build-wrappers/sync-submodules.vcxproj" Id="1f14357d-e06a-48a1-b39a-74082f381fc0" />
  </Folder>
  <Project Path="deps/asio-msvc/asio.vcxproj" Id="31a619e1-4eb1-4f00-800d-22e68d8ab651">
    <Build Project="false" />
  </Project>
  <Project Path="deps/db-models-msvc/db-models.vcxproj" Id="17ef3a49-55b8-4fb6-883f-d1d02e20c11d">
    <BuildDependency Project="deps/fetch-and-build-wrappers/fetch-db-models.vcxproj" />
    <Build Project="false" />
  </Project>
  <Project Path="deps/libjpeg-turbo-msvc/jpeg-static.vcxproj" Id="569846a7-5a48-3b16-bb39-be89e1c71caa">
    <BuildDependency Project="deps/fetch-and-build-wrappers/fetch-libjpeg-turbo.vcxproj" />
    <Build Project="false" />
  </Project>
  <Project Path="deps/mpg123-msvc/mpg123.vcxproj" Id="c93d6595-cd66-4e98-b99d-31da0e2ec408">
    <BuildDependency Project="deps/fetch-and-build-wrappers/fetch-mpg123.vcxproj" />
    <Build Project="false" />
  </Project>
  <Project Path="deps/nanodbc-msvc/nanodbc.vcxproj" Id="adbae15c-f602-4531-8e80-1c3ed2f2d859">
    <BuildDependency Project="deps/fetch-and-build-wrappers/fetch-nanodbc.vcxproj" />
    <Build Project="false" />
  </Project>
  <Project Path="deps/spdlog-msvc/spdlog.vcxproj" Id="0888a97f-4754-7968-1176-1349cfdd6018">
    <BuildDependency Project="deps/fetch-and-build-wrappers/fetch-spdlog.vcxproj" />
    <Build Project="false" />
  </Project>
  <Project Path="deps/zlib-msvc/zlib.vcxproj" Id="7f0e1487-09c5-400a-978a-da496cf23c34">
    <BuildDependency Project="deps/fetch-and-build-wrappers/fetch-zlib.vcxproj" />
    <Build Project="false" />
  </Project>
</Solution>
